
Microsoft Visual Studio Solution File, Format Version 12.00
# Visual Studio Version 17
VisualStudioVersion = 17.4.33103.184
MinimumVisualStudioVersion = 10.0.40219.1
Project("{9A19103F-16F7-4668-BE54-9A1E7A4F7556}") = "arguments", "arguments\arguments.csproj", "{52B9C66D-5F51-4211-8A48-6EFD65A61F16}"
EndProject
Global
	GlobalSection(SolutionConfigurationPlatforms) = preSolution
		Debug|Any CPU = Debug|Any CPU
		Debug|x64 = Debug|x64
		Release|Any CPU = Release|Any CPU
		Release|x64 = Release|x64
	EndGlobalSection
	GlobalSection(ProjectConfigurationPlatforms) = postSolution
		{52B9C66D-5F51-4211-8A48-6EFD65A61F16}.Debug|Any CPU.ActiveCfg = Release|Any CPU
		{52B9C66D-5F51-4211-8A48-6EFD65A61F16}.Debug|Any CPU.Build.0 = Release|Any CPU
		{52B9C66D-5F51-4211-8A48-6EFD65A61F16}.Debug|x64.ActiveCfg = Debug|x64
		{52B9C66D-5F51-4211-8A48-6EFD65A61F16}.Debug|x64.Build.0 = Debug|x64
		{52B9C66D-5F51-4211-8A48-6EFD65A61F16}.Release|Any CPU.ActiveCfg = Release|Any CPU
		{52B9C66D-5F51-4211-8A48-6EFD65A61F16}.Release|Any CPU.Build.0 = Release|Any CPU
		{52B9C66D-5F51-4211-8A48-6EFD65A61F16}.Release|x64.ActiveCfg = Release|x64
		{52B9C66D-5F51-4211-8A48-6EFD65A61F16}.Release|x64.Build.0 = Release|x64
	EndGlobalSection
	GlobalSection(SolutionProperties) = preSolution
		HideSolutionNode = FALSE
	EndGlobalSection
	GlobalSection(ExtensibilityGlobals) = postSolution
		SolutionGuid = {54B70D2A-F5D8-4D90-B108-FDBF1F7486B9}
	EndGlobalSection
EndGlobal
